
Microsoft Visual Studio Solution File, Format Version 12.00
# Visual Studio Version 17
VisualStudioVersion = 17.14.36327.8
MinimumVisualStudioVersion = 10.0.40219.1
Project("{FAE04EC0-301F-11D3-BF4B-00C04F79EFBC}") = "Testes_xUnit", "Testes_xUnit.csproj", "{C21FC82C-D1E0-4D58-80F6-70992FADE129}"
EndProject
Project("{FAE04EC0-301F-11D3-BF4B-00C04F79EFBC}") = "Testes", "..\Testes\Testes.csproj", "{357B3F21-A1C2-4F14-88A3-36D6D386BD0F}"
EndProject
Global
	GlobalSection(SolutionConfigurationPlatforms) = preSolution
		Debug|Any CPU = Debug|Any CPU
		Release|Any CPU = Release|Any CPU
	EndGlobalSection
	GlobalSection(ProjectConfigurationPlatforms) = postSolution
		{C21FC82C-D1E0-4D58-80F6-70992FADE129}.Debug|Any CPU.ActiveCfg = Debug|Any CPU
		{C21FC82C-D1E0-4D58-80F6-70992FADE129}.Debug|Any CPU.Build.0 = Debug|Any CPU
		{C21FC82C-D1E0-4D58-80F6-70992FADE129}.Release|Any CPU.ActiveCfg = Release|Any CPU
		{C21FC82C-D1E0-4D58-80F6-70992FADE129}.Release|Any CPU.Build.0 = Release|Any CPU
		{357B3F21-A1C2-4F14-88A3-36D6D386BD0F}.Debug|Any CPU.ActiveCfg = Debug|Any CPU
		{357B3F21-A1C2-4F14-88A3-36D6D386BD0F}.Debug|Any CPU.Build.0 = Debug|Any CPU
		{357B3F21-A1C2-4F14-88A3-36D6D386BD0F}.Release|Any CPU.ActiveCfg = Release|Any CPU
		{357B3F21-A1C2-4F14-88A3-36D6D386BD0F}.Release|Any CPU.Build.0 = Release|Any CPU
	EndGlobalSection
	GlobalSection(SolutionProperties) = preSolution
		HideSolutionNode = FALSE
	EndGlobalSection
	GlobalSection(ExtensibilityGlobals) = postSolution
		SolutionGuid = {2F847685-1F25-422A-9E73-3022243BA9E8}
	EndGlobalSection
EndGlobal
